
Microsoft Visual Studio Solution File, Format Version 12.00
# Visual Studio Version 17
VisualStudioVersion = 17.3.32929.385
MinimumVisualStudioVersion = 10.0.40219.1
Project("{FAE04EC0-301F-11D3-BF4B-00C04F79EFBC}") = "MusicBox", "MusicBox\MusicBox.csproj", "{A33B8D0B-1D08-4ACB-AF40-3BAF37D5DC55}"
EndProject
Global
	GlobalSection(SolutionConfigurationPlatforms) = preSolution
		Debug|Any CPU = Debug|Any CPU
		Release|Any CPU = Release|Any CPU
	EndGlobalSection
	GlobalSection(ProjectConfigurationPlatforms) = postSolution
		{A33B8D0B-1D08-4ACB-AF40-3BAF37D5DC55}.Debug|Any CPU.ActiveCfg = Debug|Any CPU
		{A33B8D0B-1D08-4ACB-AF40-3BAF37D5DC55}.Debug|Any CPU.Build.0 = Debug|Any CPU
		{A33B8D0B-1D08-4ACB-AF40-3BAF37D5DC55}.Release|Any CPU.ActiveCfg = Release|Any CPU
		{A33B8D0B-1D08-4ACB-AF40-3BAF37D5DC55}.Release|Any CPU.Build.0 = Release|Any CPU
	EndGlobalSection
	GlobalSection(SolutionProperties) = preSolution
		HideSolutionNode = FALSE
	EndGlobalSection
	GlobalSection(ExtensibilityGlobals) = postSolution
		SolutionGuid = {54D0233E-9234-4651-A66F-4C9FA575FD53}
	EndGlobalSection
EndGlobal
